Microsoft Visual Studio Solution File, Format Version 12.00
# Visual Studio Version 17
VisualStudioVersion = 17.5.2.0
MinimumVisualStudioVersion = 10.0.40219.1
Project("{2150E333-8FDC-42A3-9474-1A3956D46DE8}") = "theme-engine", "theme-engine", "{54A1BDEB-EB18-4C9C-61FD-37047C0DAB76}"
EndProject
Project("{FAE04EC0-301F-11D3-BF4B-00C04F79EFBC}") = "ThemeEngine", "theme-engine\ThemeEngine.csproj", "{3E2A6631-F2A2-F5AE-A5D0-B264CA12F36C}"
EndProject
Global
	GlobalSection(SolutionConfigurationPlatforms) = preSolution
		Debug|Any CPU = Debug|Any CPU
		Release|Any CPU = Release|Any CPU
	EndGlobalSection
	GlobalSection(ProjectConfigurationPlatforms) = postSolution
		{3E2A6631-F2A2-F5AE-A5D0-B264CA12F36C}.Debug|Any CPU.ActiveCfg = Debug|Any CPU
		{3E2A6631-F2A2-F5AE-A5D0-B264CA12F36C}.Debug|Any CPU.Build.0 = Debug|Any CPU
		{3E2A6631-F2A2-F5AE-A5D0-B264CA12F36C}.Release|Any CPU.ActiveCfg = Release|Any CPU
		{3E2A6631-F2A2-F5AE-A5D0-B264CA12F36C}.Release|Any CPU.Build.0 = Release|Any CPU
	EndGlobalSection
	GlobalSection(SolutionProperties) = preSolution
		HideSolutionNode = FALSE
	EndGlobalSection
	GlobalSection(NestedProjects) = preSolution
		{3E2A6631-F2A2-F5AE-A5D0-B264CA12F36C} = {54A1BDEB-EB18-4C9C-61FD-37047C0DAB76}
	EndGlobalSection
	GlobalSection(ExtensibilityGlobals) = postSolution
		SolutionGuid = {6FB459DF-E230-41CC-A990-8D960409069E}
	EndGlobalSection
EndGlobal
